// !$*UTF8*$!
{
	archiveVersion = 1;
	classes = {
	};
	objectVersion = 54;
	objects = {

/* Begin PBXBuildFile section */
		B849160A25299B1200B3AC3A /* WMSTileOverlay.swift in Sources */ = {isa = PBXBuildFile; fileRef = B849160925299B1200B3AC3A /* WMSTileOverlay.swift */; };
		B84916132529FCC800B3AC3A /* TrackOverlay.swift in Sources */ = {isa = PBXBuildFile; fileRef = B84916122529FCC800B3AC3A /* TrackOverlay.swift */; };
		B8491618252A1ADC00B3AC3A /* TrackOverlayRenderer.swift in Sources */ = {isa = PBXBuildFile; fileRef = B8491617252A1ADC00B3AC3A /* TrackOverlayRenderer.swift */; };
		B88436332527C2780013BBB0 /* AppDelegate.swift in Sources */ = {isa = PBXBuildFile; fileRef = B88436322527C2780013BBB0 /* AppDelegate.swift */; };
		B88436352527C2780013BBB0 /* ContentView.swift in Sources */ = {isa = PBXBuildFile; fileRef = B88436342527C2780013BBB0 /* ContentView.swift */; };
		B88436382527C2780013BBB0 /* RaceViewer.xcdatamodeld in Sources */ = {isa = PBXBuildFile; fileRef = B88436362527C2780013BBB0 /* RaceViewer.xcdatamodeld */; };
		B884363A2527C2790013BBB0 /* Assets.xcassets in Resources */ = {isa = PBXBuildFile; fileRef = B88436392527C2790013BBB0 /* Assets.xcassets */; };
		B884363D2527C2790013BBB0 /* Preview Assets.xcassets in Resources */ = {isa = PBXBuildFile; fileRef = B884363C2527C2790013BBB0 /* Preview Assets.xcassets */; };
		B88436402527C2790013BBB0 /* Main.storyboard in Resources */ = {isa = PBXBuildFile; fileRef = B884363E2527C2790013BBB0 /* Main.storyboard */; };
		B884364C2527C2790013BBB0 /* RaceViewerTests.swift in Sources */ = {isa = PBXBuildFile; fileRef = B884364B2527C2790013BBB0 /* RaceViewerTests.swift */; };
		B88436572527C2790013BBB0 /* RaceViewerUITests.swift in Sources */ = {isa = PBXBuildFile; fileRef = B88436562527C2790013BBB0 /* RaceViewerUITests.swift */; };
		B884366925286DFF0013BBB0 /* MapView.swift in Sources */ = {isa = PBXBuildFile; fileRef = B884366825286DFF0013BBB0 /* MapView.swift */; };
		B884367125286E5B0013BBB0 /* MapViewCoordnator.swift in Sources */ = {isa = PBXBuildFile; fileRef = B884367025286E5B0013BBB0 /* MapViewCoordnator.swift */; };
		B884367625286F140013BBB0 /* MapViewViewModel.swift in Sources */ = {isa = PBXBuildFile; fileRef = B884367525286F140013BBB0 /* MapViewViewModel.swift */; };
		B8843682252886F70013BBB0 /* LICENSE in Resources */ = {isa = PBXBuildFile; fileRef = B8843680252886F70013BBB0 /* LICENSE */; };
		B88436F02528BC610013BBB0 /* demoData.json in Resources */ = {isa = PBXBuildFile; fileRef = B88436E82528BC320013BBB0 /* demoData.json */; };
		B88436F62528BDA00013BBB0 /* DataLoader.swift in Sources */ = {isa = PBXBuildFile; fileRef = B88436F52528BDA00013BBB0 /* DataLoader.swift */; };
		B88436FE2528C38F0013BBB0 /* .swift-format-config.json in Resources */ = {isa = PBXBuildFile; fileRef = B88436FD2528C38F0013BBB0 /* .swift-format-config.json */; };
		B884370A2528CA4F0013BBB0 /* DataLoaderTest.swift in Sources */ = {isa = PBXBuildFile; fileRef = B88437092528CA4F0013BBB0 /* DataLoaderTest.swift */; };
		B88437112528CA830013BBB0 /* DataLoader.swift in Sources */ = {isa = PBXBuildFile; fileRef = B88436F52528BDA00013BBB0 /* DataLoader.swift */; };
		B88437162528CF630013BBB0 /* DataObject.swift in Sources */ = {isa = PBXBuildFile; fileRef = B88437152528CF630013BBB0 /* DataObject.swift */; };
		B884371B2528CFB20013BBB0 /* DataObjectTest.swift in Sources */ = {isa = PBXBuildFile; fileRef = B884371A2528CFB20013BBB0 /* DataObjectTest.swift */; };
		B88437292528D0B60013BBB0 /* DataObject.swift in Sources */ = {isa = PBXBuildFile; fileRef = B88437152528CF630013BBB0 /* DataObject.swift */; };
/* End PBXBuildFile section */

/* Begin PBXContainerItemProxy section */
		B88436482527C2790013BBB0 /* PBXContainerItemProxy */ = {
			isa = PBXContainerItemProxy;
			containerPortal = B88436272527C2780013BBB0 /* Project object */;
			proxyType = 1;
			remoteGlobalIDString = B884362E2527C2780013BBB0;
			remoteInfo = RaceViewer;
		};
		B88436532527C2790013BBB0 /* PBXContainerItemProxy */ = {
			isa = PBXContainerItemProxy;
			containerPortal = B88436272527C2780013BBB0 /* Project object */;
			proxyType = 1;
			remoteGlobalIDString = B884362E2527C2780013BBB0;
			remoteInfo = RaceViewer;
		};
/* End PBXContainerItemProxy section */

/* Begin PBXFileReference section */
		B849160925299B1200B3AC3A /* WMSTileOverlay.swift */ = {isa = PBXFileReference; lastKnownFileType = sourcecode.swift; path = WMSTileOverlay.swift; sourceTree = "<group>"; };
		B84916122529FCC800B3AC3A /* TrackOverlay.swift */ = {isa = PBXFileReference; lastKnownFileType = sourcecode.swift; path = TrackOverlay.swift; sourceTree = "<group>"; };
		B8491617252A1ADC00B3AC3A /* TrackOverlayRenderer.swift */ = {isa = PBXFileReference; lastKnownFileType = sourcecode.swift; path = TrackOverlayRenderer.swift; sourceTree = "<group>"; };
		B884362F2527C2780013BBB0 /* RaceViewer.app */ = {isa = PBXFileReference; explicitFileType = wrapper.application; includeInIndex = 0; path = RaceViewer.app; sourceTree = BUILT_PRODUCTS_DIR; };
		B88436322527C2780013BBB0 /* AppDelegate.swift */ = {isa = PBXFileReference; lastKnownFileType = sourcecode.swift; path = AppDelegate.swift; sourceTree = "<group>"; };
		B88436342527C2780013BBB0 /* ContentView.swift */ = {isa = PBXFileReference; lastKnownFileType = sourcecode.swift; path = ContentView.swift; sourceTree = "<group>"; };
		B88436372527C2780013BBB0 /* RaceViewer.xcdatamodel */ = {isa = PBXFileReference; lastKnownFileType = wrapper.xcdatamodel; path = RaceViewer.xcdatamodel; sourceTree = "<group>"; };
		B88436392527C2790013BBB0 /* Assets.xcassets */ = {isa = PBXFileReference; lastKnownFileType = folder.assetcatalog; path = Assets.xcassets; sourceTree = "<group>"; };
		B884363C2527C2790013BBB0 /* Preview Assets.xcassets */ = {isa = PBXFileReference; lastKnownFileType = folder.assetcatalog; path = "Preview Assets.xcassets"; sourceTree = "<group>"; };
		B884363F2527C2790013BBB0 /* Base */ = {isa = PBXFileReference; lastKnownFileType = file.storyboard; name = Base; path = Base.lproj/Main.storyboard; sourceTree = "<group>"; };
		B88436412527C2790013BBB0 /* Info.plist */ = {isa = PBXFileReference; lastKnownFileType = text.plist.xml; path = Info.plist; sourceTree = "<group>"; };
		B88436422527C2790013BBB0 /* RaceViewer.entitlements */ = {isa = PBXFileReference; lastKnownFileType = text.plist.entitlements; path = RaceViewer.entitlements; sourceTree = "<group>"; };
		B88436472527C2790013BBB0 /* RaceViewerTests.xctest */ = {isa = PBXFileReference; explicitFileType = wrapper.cfbundle; includeInIndex = 0; path = RaceViewerTests.xctest; sourceTree = BUILT_PRODUCTS_DIR; };
		B884364B2527C2790013BBB0 /* RaceViewerTests.swift */ = {isa = PBXFileReference; lastKnownFileType = sourcecode.swift; path = RaceViewerTests.swift; sourceTree = "<group>"; };
		B884364D2527C2790013BBB0 /* Info.plist */ = {isa = PBXFileReference; lastKnownFileType = text.plist.xml; path = Info.plist; sourceTree = "<group>"; };
		B88436522527C2790013BBB0 /* RaceViewerUITests.xctest */ = {isa = PBXFileReference; explicitFileType = wrapper.cfbundle; includeInIndex = 0; path = RaceViewerUITests.xctest; sourceTree = BUILT_PRODUCTS_DIR; };
		B88436562527C2790013BBB0 /* RaceViewerUITests.swift */ = {isa = PBXFileReference; lastKnownFileType = sourcecode.swift; path = RaceViewerUITests.swift; sourceTree = "<group>"; };
		B88436582527C2790013BBB0 /* Info.plist */ = {isa = PBXFileReference; lastKnownFileType = text.plist.xml; path = Info.plist; sourceTree = "<group>"; };
		B884366825286DFF0013BBB0 /* MapView.swift */ = {isa = PBXFileReference; lastKnownFileType = sourcecode.swift; path = MapView.swift; sourceTree = "<group>"; };
		B884367025286E5B0013BBB0 /* MapViewCoordnator.swift */ = {isa = PBXFileReference; lastKnownFileType = sourcecode.swift; path = MapViewCoordnator.swift; sourceTree = "<group>"; };
		B884367525286F140013BBB0 /* MapViewViewModel.swift */ = {isa = PBXFileReference; lastKnownFileType = sourcecode.swift; path = MapViewViewModel.swift; sourceTree = "<group>"; };
		B8843680252886F70013BBB0 /* LICENSE */ = {isa = PBXFileReference; fileEncoding = 4; lastKnownFileType = text; path = LICENSE; sourceTree = "<group>"; };
		B8843681252886F70013BBB0 /* README.md */ = {isa = PBXFileReference; fileEncoding = 4; lastKnownFileType = net.daringfireball.markdown; path = README.md; sourceTree = "<group>"; };
		B8843687252887A90013BBB0 /* .gitignore */ = {isa = PBXFileReference; fileEncoding = 4; lastKnownFileType = text; path = .gitignore; sourceTree = "<group>"; };
		B88436C72528B1CA0013BBB0 /* .swiftlint.yml */ = {isa = PBXFileReference; fileEncoding = 4; lastKnownFileType = text.yaml; path = .swiftlint.yml; sourceTree = "<group>"; };
		B88436E82528BC320013BBB0 /* demoData.json */ = {isa = PBXFileReference; fileEncoding = 4; lastKnownFileType = text.json; path = demoData.json; sourceTree = "<group>"; };
		B88436F52528BDA00013BBB0 /* DataLoader.swift */ = {isa = PBXFileReference; lastKnownFileType = sourcecode.swift; path = DataLoader.swift; sourceTree = "<group>"; };
		B88436FD2528C38F0013BBB0 /* .swift-format-config.json */ = {isa = PBXFileReference; fileEncoding = 4; lastKnownFileType = text.json; path = ".swift-format-config.json"; sourceTree = "<group>"; };
		B88437092528CA4F0013BBB0 /* DataLoaderTest.swift */ = {isa = PBXFileReference; lastKnownFileType = sourcecode.swift; path = DataLoaderTest.swift; sourceTree = "<group>"; };
		B88437152528CF630013BBB0 /* DataObject.swift */ = {isa = PBXFileReference; lastKnownFileType = sourcecode.swift; path = DataObject.swift; sourceTree = "<group>"; };
		B884371A2528CFB20013BBB0 /* DataObjectTest.swift */ = {isa = PBXFileReference; lastKnownFileType = sourcecode.swift; path = DataObjectTest.swift; sourceTree = "<group>"; };
/* End PBXFileReference section */

/* Begin PBXFrameworksBuildPhase section */
		B884362C2527C2780013BBB0 /* Frameworks */ = {
			isa = PBXFrameworksBuildPhase;
			buildActionMask = 2147483647;
			files = (
			);
			runOnlyForDeploymentPostprocessing = 0;
		};
		B88436442527C2790013BBB0 /* Frameworks */ = {
			isa = PBXFrameworksBuildPhase;
			buildActionMask = 2147483647;
			files = (
			);
			runOnlyForDeploymentPostprocessing = 0;
		};
		B884364F2527C2790013BBB0 /* Frameworks */ = {
			isa = PBXFrameworksBuildPhase;
			buildActionMask = 2147483647;
			files = (
			);
			runOnlyForDeploymentPostprocessing = 0;
		};
/* End PBXFrameworksBuildPhase section */

/* Begin PBXGroup section */
		B88436262527C2780013BBB0 = {
			isa = PBXGroup;
			children = (
				B88436312527C2780013BBB0 /* RaceViewer */,
				B884364A2527C2790013BBB0 /* RaceViewerTests */,
				B88436552527C2790013BBB0 /* RaceViewerUITests */,
				B88436302527C2780013BBB0 /* Products */,
				B88436C72528B1CA0013BBB0 /* .swiftlint.yml */,
				B88436FD2528C38F0013BBB0 /* .swift-format-config.json */,
				B8843687252887A90013BBB0 /* .gitignore */,
				B8843680252886F70013BBB0 /* LICENSE */,
				B8843681252886F70013BBB0 /* README.md */,
			);
			sourceTree = "<group>";
		};
		B88436302527C2780013BBB0 /* Products */ = {
			isa = PBXGroup;
			children = (
				B884362F2527C2780013BBB0 /* RaceViewer.app */,
				B88436472527C2790013BBB0 /* RaceViewerTests.xctest */,
				B88436522527C2790013BBB0 /* RaceViewerUITests.xctest */,
			);
			name = Products;
			sourceTree = "<group>";
		};
		B88436312527C2780013BBB0 /* RaceViewer */ = {
			isa = PBXGroup;
			children = (
				B88436F42528BD910013BBB0 /* Data */,
				B88436E72528BC180013BBB0 /* supportFiles */,
				B884366725286DED0013BBB0 /* MapView */,
				B88436322527C2780013BBB0 /* AppDelegate.swift */,
				B88436342527C2780013BBB0 /* ContentView.swift */,
				B88436392527C2790013BBB0 /* Assets.xcassets */,
				B884363E2527C2790013BBB0 /* Main.storyboard */,
				B88436412527C2790013BBB0 /* Info.plist */,
				B88436422527C2790013BBB0 /* RaceViewer.entitlements */,
				B88436362527C2780013BBB0 /* RaceViewer.xcdatamodeld */,
				B884363B2527C2790013BBB0 /* Preview Content */,
			);
			path = RaceViewer;
			sourceTree = "<group>";
		};
		B884363B2527C2790013BBB0 /* Preview Content */ = {
			isa = PBXGroup;
			children = (
				B884363C2527C2790013BBB0 /* Preview Assets.xcassets */,
			);
			path = "Preview Content";
			sourceTree = "<group>";
		};
		B884364A2527C2790013BBB0 /* RaceViewerTests */ = {
			isa = PBXGroup;
			children = (
				B88437082528CA2E0013BBB0 /* Data */,
				B884364B2527C2790013BBB0 /* RaceViewerTests.swift */,
				B884364D2527C2790013BBB0 /* Info.plist */,
			);
			path = RaceViewerTests;
			sourceTree = "<group>";
		};
		B88436552527C2790013BBB0 /* RaceViewerUITests */ = {
			isa = PBXGroup;
			children = (
				B88436562527C2790013BBB0 /* RaceViewerUITests.swift */,
				B88436582527C2790013BBB0 /* Info.plist */,
			);
			path = RaceViewerUITests;
			sourceTree = "<group>";
		};
		B884366725286DED0013BBB0 /* MapView */ = {
			isa = PBXGroup;
			children = (
				B884366825286DFF0013BBB0 /* MapView.swift */,
				B884367025286E5B0013BBB0 /* MapViewCoordnator.swift */,
				B884367525286F140013BBB0 /* MapViewViewModel.swift */,
				B849160925299B1200B3AC3A /* WMSTileOverlay.swift */,
				B84916122529FCC800B3AC3A /* TrackOverlay.swift */,
				B8491617252A1ADC00B3AC3A /* TrackOverlayRenderer.swift */,
			);
			path = MapView;
			sourceTree = "<group>";
		};
		B88436E72528BC180013BBB0 /* supportFiles */ = {
			isa = PBXGroup;
			children = (
				B88436E82528BC320013BBB0 /* demoData.json */,
			);
			path = supportFiles;
			sourceTree = "<group>";
		};
		B88436F42528BD910013BBB0 /* Data */ = {
			isa = PBXGroup;
			children = (
				B88436F52528BDA00013BBB0 /* DataLoader.swift */,
				B88437152528CF630013BBB0 /* DataObject.swift */,
			);
			path = Data;
			sourceTree = "<group>";
		};
		B88437082528CA2E0013BBB0 /* Data */ = {
			isa = PBXGroup;
			children = (
				B88437092528CA4F0013BBB0 /* DataLoaderTest.swift */,
				B884371A2528CFB20013BBB0 /* DataObjectTest.swift */,
			);
			path = Data;
			sourceTree = "<group>";
		};
/* End PBXGroup section */

/* Begin PBXNativeTarget section */
		B884362E2527C2780013BBB0 /* RaceViewer */ = {
			isa = PBXNativeTarget;
			buildConfigurationList = B884365B2527C2790013BBB0 /* Build configuration list for PBXNativeTarget "RaceViewer" */;
			buildPhases = (
				B88436BF2528AF890013BBB0 /* Swift format */,
				B88436BB2528AECE0013BBB0 /* Swift Format lint */,
				B88436C32528B0C90013BBB0 /* Swift Lint */,
				B884362B2527C2780013BBB0 /* Sources */,
				B884362C2527C2780013BBB0 /* Frameworks */,
				B884362D2527C2780013BBB0 /* Resources */,
			);
			buildRules = (
			);
			dependencies = (
			);
			name = RaceViewer;
			productName = RaceViewer;
			productReference = B884362F2527C2780013BBB0 /* RaceViewer.app */;
			productType = "com.apple.product-type.application";
		};
		B88436462527C2790013BBB0 /* RaceViewerTests */ = {
			isa = PBXNativeTarget;
			buildConfigurationList = B884365E2527C2790013BBB0 /* Build configuration list for PBXNativeTarget "RaceViewerTests" */;
			buildPhases = (
				B88436432527C2790013BBB0 /* Sources */,
				B88436442527C2790013BBB0 /* Frameworks */,
				B88436452527C2790013BBB0 /* Resources */,
			);
			buildRules = (
			);
			dependencies = (
				B88436492527C2790013BBB0 /* PBXTargetDependency */,
			);
			name = RaceViewerTests;
			productName = RaceViewerTests;
			productReference = B88436472527C2790013BBB0 /* RaceViewerTests.xctest */;
			productType = "com.apple.product-type.bundle.unit-test";
		};
		B88436512527C2790013BBB0 /* RaceViewerUITests */ = {
			isa = PBXNativeTarget;
			buildConfigurationList = B88436612527C2790013BBB0 /* Build configuration list for PBXNativeTarget "RaceViewerUITests" */;
			buildPhases = (
				B884364E2527C2790013BBB0 /* Sources */,
				B884364F2527C2790013BBB0 /* Frameworks */,
				B88436502527C2790013BBB0 /* Resources */,
			);
			buildRules = (
			);
			dependencies = (
				B88436542527C2790013BBB0 /* PBXTargetDependency */,
			);
			name = RaceViewerUITests;
			productName = RaceViewerUITests;
			productReference = B88436522527C2790013BBB0 /* RaceViewerUITests.xctest */;
			productType = "com.apple.product-type.bundle.ui-testing";
		};
/* End PBXNativeTarget section */

/* Begin PBXProject section */
		B88436272527C2780013BBB0 /* Project object */ = {
			isa = PBXProject;
			attributes = {
				LastSwiftUpdateCheck = 1200;
				LastUpgradeCheck = 1200;
				TargetAttributes = {
					B884362E2527C2780013BBB0 = {
						CreatedOnToolsVersion = 12.0.1;
					};
					B88436462527C2790013BBB0 = {
						CreatedOnToolsVersion = 12.0.1;
						TestTargetID = B884362E2527C2780013BBB0;
					};
					B88436512527C2790013BBB0 = {
						CreatedOnToolsVersion = 12.0.1;
						TestTargetID = B884362E2527C2780013BBB0;
					};
				};
			};
			buildConfigurationList = B884362A2527C2780013BBB0 /* Build configuration list for PBXProject "RaceViewer" */;
			compatibilityVersion = "Xcode 9.3";
			developmentRegion = en;
			hasScannedForEncodings = 0;
			knownRegions = (
				en,
				Base,
			);
			mainGroup = B88436262527C2780013BBB0;
			productRefGroup = B88436302527C2780013BBB0 /* Products */;
			projectDirPath = "";
			projectRoot = "";
			targets = (
				B884362E2527C2780013BBB0 /* RaceViewer */,
				B88436462527C2790013BBB0 /* RaceViewerTests */,
				B88436512527C2790013BBB0 /* RaceViewerUITests */,
			);
		};
/* End PBXProject section */

/* Begin PBXResourcesBuildPhase section */
		B884362D2527C2780013BBB0 /* Resources */ = {
			isa = PBXResourcesBuildPhase;
			buildActionMask = 2147483647;
			files = (
				B88436F02528BC610013BBB0 /* demoData.json in Resources */,
				B88436FE2528C38F0013BBB0 /* .swift-format-config.json in Resources */,
				B88436402527C2790013BBB0 /* Main.storyboard in Resources */,
				B884363D2527C2790013BBB0 /* Preview Assets.xcassets in Resources */,
				B8843682252886F70013BBB0 /* LICENSE in Resources */,
				B884363A2527C2790013BBB0 /* Assets.xcassets in Resources */,
			);
			runOnlyForDeploymentPostprocessing = 0;
		};
		B88436452527C2790013BBB0 /* Resources */ = {
			isa = PBXResourcesBuildPhase;
			buildActionMask = 2147483647;
			files = (
			);
			runOnlyForDeploymentPostprocessing = 0;
		};
		B88436502527C2790013BBB0 /* Resources */ = {
			isa = PBXResourcesBuildPhase;
			buildActionMask = 2147483647;
			files = (
			);
			runOnlyForDeploymentPostprocessing = 0;
		};
/* End PBXResourcesBuildPhase section */

/* Begin PBXShellScriptBuildPhase section */
		B88436BB2528AECE0013BBB0 /* Swift Format lint */ = {
			isa = PBXShellScriptBuildPhase;
			buildActionMask = 2147483647;
			files = (
			);
			inputFileListPaths = (
			);
			inputPaths = (
			);
			name = "Swift Format lint";
			outputFileListPaths = (
			);
			outputPaths = (
			);
			runOnlyForDeploymentPostprocessing = 0;
			shellPath = /bin/sh;
			shellScript = "if which swift-format >/dev/null; then\n    swift-format -m lint -r  ${PROJECT_DIR} --configuration ${PROJECT_DIR}/.swift-format-config.json\n    exit 0\nelse\n    echo \"warning: swift-format not installed\"\nfi\n";
		};
		B88436BF2528AF890013BBB0 /* Swift format */ = {
			isa = PBXShellScriptBuildPhase;
			buildActionMask = 2147483647;
			files = (
			);
			inputFileListPaths = (
			);
			inputPaths = (
			);
			name = "Swift format";
			outputFileListPaths = (
			);
			outputPaths = (
			);
			runOnlyForDeploymentPostprocessing = 0;
			shellPath = /bin/sh;
			shellScript = "if which swift-format >/dev/null; then\n    swift-format -m format -i -r ${PROJECT_DIR} --configuration ${PROJECT_DIR}/.swift-format-config.json\nelse\n    echo \"warning: swift-format not installed\"\nfi\n";
		};
		B88436C32528B0C90013BBB0 /* Swift Lint */ = {
			isa = PBXShellScriptBuildPhase;
			alwaysOutOfDate = 1;
			buildActionMask = 2147483647;
			files = (
			);
			inputFileListPaths = (
			);
			inputPaths = (
			);
			name = "Swift Lint";
			outputFileListPaths = (
			);
			outputPaths = (
			);
			runOnlyForDeploymentPostprocessing = 0;
			shellPath = /bin/sh;
			shellScript = "if which swiftlint >/dev/null; then\n  swiftlint\nelse\n  echo \"warning: SwiftLint not installed, download from https://github.com/realm/SwiftLint\"\nfi\n";
		};
/* End PBXShellScriptBuildPhase section */

/* Begin PBXSourcesBuildPhase section */
		B884362B2527C2780013BBB0 /* Sources */ = {
			isa = PBXSourcesBuildPhase;
			buildActionMask = 2147483647;
			files = (
				B849160A25299B1200B3AC3A /* WMSTileOverlay.swift in Sources */,
				B884367625286F140013BBB0 /* MapViewViewModel.swift in Sources */,
				B8491618252A1ADC00B3AC3A /* TrackOverlayRenderer.swift in Sources */,
				B84916132529FCC800B3AC3A /* TrackOverlay.swift in Sources */,
				B88436382527C2780013BBB0 /* RaceViewer.xcdatamodeld in Sources */,
				B88436F62528BDA00013BBB0 /* DataLoader.swift in Sources */,
				B884366925286DFF0013BBB0 /* MapView.swift in Sources */,
				B88437162528CF630013BBB0 /* DataObject.swift in Sources */,
				B88436352527C2780013BBB0 /* ContentView.swift in Sources */,
				B88436332527C2780013BBB0 /* AppDelegate.swift in Sources */,
				B884367125286E5B0013BBB0 /* MapViewCoordnator.swift in Sources */,
			);
			runOnlyForDeploymentPostprocessing = 0;
		};
		B88436432527C2790013BBB0 /* Sources */ = {
			isa = PBXSourcesBuildPhase;
			buildActionMask = 2147483647;
			files = (
				B884371B2528CFB20013BBB0 /* DataObjectTest.swift in Sources */,
				B884370A2528CA4F0013BBB0 /* DataLoaderTest.swift in Sources */,
				B884364C2527C2790013BBB0 /* RaceViewerTests.swift in Sources */,
				B88437112528CA830013BBB0 /* DataLoader.swift in Sources */,
				B88437292528D0B60013BBB0 /* DataObject.swift in Sources */,
			);
			runOnlyForDeploymentPostprocessing = 0;
		};
		B884364E2527C2790013BBB0 /* Sources */ = {
			isa = PBXSourcesBuildPhase;
			buildActionMask = 2147483647;
			files = (
				B88436572527C2790013BBB0 /* RaceViewerUITests.swift in Sources */,
			);
			runOnlyForDeploymentPostprocessing = 0;
		};
/* End PBXSourcesBuildPhase section */

/* Begin PBXTargetDependency section */
		B88436492527C2790013BBB0 /* PBXTargetDependency */ = {
			isa = PBXTargetDependency;
			target = B884362E2527C2780013BBB0 /* RaceViewer */;
			targetProxy = B88436482527C2790013BBB0 /* PBXContainerItemProxy */;
		};
		B88436542527C2790013BBB0 /* PBXTargetDependency */ = {
			isa = PBXTargetDependency;
			target = B884362E2527C2780013BBB0 /* RaceViewer */;
			targetProxy = B88436532527C2790013BBB0 /* PBXContainerItemProxy */;
		};
/* End PBXTargetDependency section */

/* Begin PBXVariantGroup section */
		B884363E2527C2790013BBB0 /* Main.storyboard */ = {
			isa = PBXVariantGroup;
			children = (
				B884363F2527C2790013BBB0 /* Base */,
			);
			name = Main.storyboard;
			sourceTree = "<group>";
		};
/* End PBXVariantGroup section */

/* Begin XCBuildConfiguration section */
		B88436592527C2790013BBB0 /* Debug */ = {
			isa = XCBuildConfiguration;
			buildSettings = {
				ALWAYS_SEARCH_USER_PATHS = NO;
				CLANG_ANALYZER_NONNULL = YES;
				CLANG_ANALYZER_NUMBER_OBJECT_CONVERSION = YES_AGGRESSIVE;
				CLANG_CXX_LANGUAGE_STANDARD = "gnu++14";
				CLANG_CXX_LIBRARY = "libc++";
				CLANG_ENABLE_MODULES = YES;
				CLANG_ENABLE_OBJC_ARC = YES;
				CLANG_ENABLE_OBJC_WEAK = YES;
				CLANG_WARN_BLOCK_CAPTURE_AUTORELEASING = YES;
				CLANG_WARN_BOOL_CONVERSION = YES;
				CLANG_WARN_COMMA = YES;
				CLANG_WARN_CONSTANT_CONVERSION = YES;
				CLANG_WARN_DEPRECATED_OBJC_IMPLEMENTATIONS = YES;
				CLANG_WARN_DIRECT_OBJC_ISA_USAGE = YES_ERROR;
				CLANG_WARN_DOCUMENTATION_COMMENTS = YES;
				CLANG_WARN_EMPTY_BODY = YES;
				CLANG_WARN_ENUM_CONVERSION = YES;
				CLANG_WARN_INFINITE_RECURSION = YES;
				CLANG_WARN_INT_CONVERSION = YES;
				CLANG_WARN_NON_LITERAL_NULL_CONVERSION = YES;
				CLANG_WARN_OBJC_IMPLICIT_RETAIN_SELF = YES;
				CLANG_WARN_OBJC_LITERAL_CONVERSION = YES;
				CLANG_WARN_OBJC_ROOT_CLASS = YES_ERROR;
				CLANG_WARN_QUOTED_INCLUDE_IN_FRAMEWORK_HEADER = YES;
				CLANG_WARN_RANGE_LOOP_ANALYSIS = YES;
				CLANG_WARN_STRICT_PROTOTYPES = YES;
				CLANG_WARN_SUSPICIOUS_MOVE = YES;
				CLANG_WARN_UNGUARDED_AVAILABILITY = YES_AGGRESSIVE;
				CLANG_WARN_UNREACHABLE_CODE = YES;
				CLANG_WARN__DUPLICATE_METHOD_MATCH = YES;
				COPY_PHASE_STRIP = NO;
				DEBUG_INFORMATION_FORMAT = dwarf;
				ENABLE_STRICT_OBJC_MSGSEND = YES;
				ENABLE_TESTABILITY = YES;
				GCC_C_LANGUAGE_STANDARD = gnu11;
				GCC_DYNAMIC_NO_PIC = NO;
				GCC_NO_COMMON_BLOCKS = YES;
				GCC_OPTIMIZATION_LEVEL = 0;
				GCC_PREPROCESSOR_DEFINITIONS = (
					"DEBUG=1",
					"$(inherited)",
				);
				GCC_WARN_64_TO_32_BIT_CONVERSION = YES;
				GCC_WARN_ABOUT_RETURN_TYPE = YES_ERROR;
				GCC_WARN_UNDECLARED_SELECTOR = YES;
				GCC_WARN_UNINITIALIZED_AUTOS = YES_AGGRESSIVE;
				GCC_WARN_UNUSED_FUNCTION = YES;
				GCC_WARN_UNUSED_VARIABLE = YES;
				MACOSX_DEPLOYMENT_TARGET = 10.15;
				MTL_ENABLE_DEBUG_INFO = INCLUDE_SOURCE;
				MTL_FAST_MATH = YES;
				ONLY_ACTIVE_ARCH = YES;
				SDKROOT = macosx;
				SWIFT_ACTIVE_COMPILATION_CONDITIONS = DEBUG;
				SWIFT_OPTIMIZATION_LEVEL = "-Onone";
			};
			name = Debug;
		};
		B884365A2527C2790013BBB0 /* Release */ = {
			isa = XCBuildConfiguration;
			buildSettings = {
				ALWAYS_SEARCH_USER_PATHS = NO;
				CLANG_ANALYZER_NONNULL = YES;
				CLANG_ANALYZER_NUMBER_OBJECT_CONVERSION = YES_AGGRESSIVE;
				CLANG_CXX_LANGUAGE_STANDARD = "gnu++14";
				CLANG_CXX_LIBRARY = "libc++";
				CLANG_ENABLE_MODULES = YES;
				CLANG_ENABLE_OBJC_ARC = YES;
				CLANG_ENABLE_OBJC_WEAK = YES;
				CLANG_WARN_BLOCK_CAPTURE_AUTORELEASING = YES;
				CLANG_WARN_BOOL_CONVERSION = YES;
				CLANG_WARN_COMMA = YES;
				CLANG_WARN_CONSTANT_CONVERSION = YES;
				CLANG_WARN_DEPRECATED_OBJC_IMPLEMENTATIONS = YES;
				CLANG_WARN_DIRECT_OBJC_ISA_USAGE = YES_ERROR;
				CLANG_WARN_DOCUMENTATION_COMMENTS = YES;
				CLANG_WARN_EMPTY_BODY = YES;
				CLANG_WARN_ENUM_CONVERSION = YES;
				CLANG_WARN_INFINITE_RECURSION = YES;
				CLANG_WARN_INT_CONVERSION = YES;
				CLANG_WARN_NON_LITERAL_NULL_CONVERSION = YES;
				CLANG_WARN_OBJC_IMPLICIT_RETAIN_SELF = YES;
				CLANG_WARN_OBJC_LITERAL_CONVERSION = YES;
				CLANG_WARN_OBJC_ROOT_CLASS = YES_ERROR;
				CLANG_WARN_QUOTED_INCLUDE_IN_FRAMEWORK_HEADER = YES;
				CLANG_WARN_RANGE_LOOP_ANALYSIS = YES;
				CLANG_WARN_STRICT_PROTOTYPES = YES;
				CLANG_WARN_SUSPICIOUS_MOVE = YES;
				CLANG_WARN_UNGUARDED_AVAILABILITY = YES_AGGRESSIVE;
				CLANG_WARN_UNREACHABLE_CODE = YES;
				CLANG_WARN__DUPLICATE_METHOD_MATCH = YES;
				COPY_PHASE_STRIP = NO;
				DEBUG_INFORMATION_FORMAT = "dwarf-with-dsym";
				ENABLE_NS_ASSERTIONS = NO;
				ENABLE_STRICT_OBJC_MSGSEND = YES;
				GCC_C_LANGUAGE_STANDARD = gnu11;
				GCC_NO_COMMON_BLOCKS = YES;
				GCC_WARN_64_TO_32_BIT_CONVERSION = YES;
				GCC_WARN_ABOUT_RETURN_TYPE = YES_ERROR;
				GCC_WARN_UNDECLARED_SELECTOR = YES;
				GCC_WARN_UNINITIALIZED_AUTOS = YES_AGGRESSIVE;
				GCC_WARN_UNUSED_FUNCTION = YES;
				GCC_WARN_UNUSED_VARIABLE = YES;
				MACOSX_DEPLOYMENT_TARGET = 10.15;
				MTL_ENABLE_DEBUG_INFO = NO;
				MTL_FAST_MATH = YES;
				SDKROOT = macosx;
				SWIFT_COMPILATION_MODE = wholemodule;
				SWIFT_OPTIMIZATION_LEVEL = "-O";
			};
			name = Release;
		};
		B884365C2527C2790013BBB0 /* Debug */ = {
			isa = XCBuildConfiguration;
			buildSettings = {
				ASSETCATALOG_COMPILER_APPICON_NAME = AppIcon;
				ASSETCATALOG_COMPILER_GLOBAL_ACCENT_COLOR_NAME = AccentColor;
				CODE_SIGN_ENTITLEMENTS = RaceViewer/RaceViewer.entitlements;
				CODE_SIGN_STYLE = Automatic;
				COMBINE_HIDPI_IMAGES = YES;
				DEVELOPMENT_ASSET_PATHS = "\"RaceViewer/Preview Content\"";
				DEVELOPMENT_TEAM = 4W266P9829;
				ENABLE_HARDENED_RUNTIME = YES;
				ENABLE_PREVIEWS = YES;
				INFOPLIST_FILE = RaceViewer/Info.plist;
				LD_RUNPATH_SEARCH_PATHS = (
					"$(inherited)",
					"@executable_path/../Frameworks",
				);
				MACOSX_DEPLOYMENT_TARGET = 10.15;
				PRODUCT_BUNDLE_IDENTIFIER = ee.valja7.RaceViewer;
				PRODUCT_NAME = "$(TARGET_NAME)";
				SWIFT_VERSION = 5.0;
			};
			name = Debug;
		};
		B884365D2527C2790013BBB0 /* Release */ = {
			isa = XCBuildConfiguration;
			buildSettings = {
				ASSETCATALOG_COMPILER_APPICON_NAME = AppIcon;
				ASSETCATALOG_COMPILER_GLOBAL_ACCENT_COLOR_NAME = AccentColor;
				CODE_SIGN_ENTITLEMENTS = RaceViewer/RaceViewer.entitlements;
				CODE_SIGN_STYLE = Automatic;
				COMBINE_HIDPI_IMAGES = YES;
				DEVELOPMENT_ASSET_PATHS = "\"RaceViewer/Preview Content\"";
				DEVELOPMENT_TEAM = 4W266P9829;
				ENABLE_HARDENED_RUNTIME = YES;
				ENABLE_PREVIEWS = YES;
				INFOPLIST_FILE = RaceViewer/Info.plist;
				LD_RUNPATH_SEARCH_PATHS = (
					"$(inherited)",
					"@executable_path/../Frameworks",
				);
				MACOSX_DEPLOYMENT_TARGET = 10.15;
				PRODUCT_BUNDLE_IDENTIFIER = ee.valja7.RaceViewer;
				PRODUCT_NAME = "$(TARGET_NAME)";
				SWIFT_VERSION = 5.0;
			};
			name = Release;
		};
		B884365F2527C2790013BBB0 /* Debug */ = {
			isa = XCBuildConfiguration;
			buildSettings = {
				ALWAYS_EMBED_SWIFT_STANDARD_LIBRARIES = YES;
				BUNDLE_LOADER = "$(TEST_HOST)";
				CODE_SIGN_STYLE = Automatic;
				COMBINE_HIDPI_IMAGES = YES;
				DEVELOPMENT_TEAM = 4W266P9829;
				INFOPLIST_FILE = RaceViewerTests/Info.plist;
				LD_RUNPATH_SEARCH_PATHS = (
					"$(inherited)",
					"@executable_path/../Frameworks",
					"@loader_path/../Frameworks",
				);
				MACOSX_DEPLOYMENT_TARGET = 10.15;
				PRODUCT_BUNDLE_IDENTIFIER = ee.valja7.RaceViewerTests;
				PRODUCT_NAME = "$(TARGET_NAME)";
				SWIFT_VERSION = 5.0;
				TEST_HOST = "$(BUILT_PRODUCTS_DIR)/RaceViewer.app/Contents/MacOS/RaceViewer";
			};
			name = Debug;
		};
		B88436602527C2790013BBB0 /* Release */ = {
			isa = XCBuildConfiguration;
			buildSettings = {
				ALWAYS_EMBED_SWIFT_STANDARD_LIBRARIES = YES;
				BUNDLE_LOADER = "$(TEST_HOST)";
				CODE_SIGN_STYLE = Automatic;
				COMBINE_HIDPI_IMAGES = YES;
				DEVELOPMENT_TEAM = 4W266P9829;
				INFOPLIST_FILE = RaceViewerTests/Info.plist;
				LD_RUNPATH_SEARCH_PATHS = (
					"$(inherited)",
					"@executable_path/../Frameworks",
					"@loader_path/../Frameworks",
				);
				MACOSX_DEPLOYMENT_TARGET = 10.15;
				PRODUCT_BUNDLE_IDENTIFIER = ee.valja7.RaceViewerTests;
				PRODUCT_NAME = "$(TARGET_NAME)";
				SWIFT_VERSION = 5.0;
				TEST_HOST = "$(BUILT_PRODUCTS_DIR)/RaceViewer.app/Contents/MacOS/RaceViewer";
			};
			name = Release;
		};
		B88436622527C2790013BBB0 /* Debug */ = {
			isa = XCBuildConfiguration;
			buildSettings = {
				ALWAYS_EMBED_SWIFT_STANDARD_LIBRARIES = YES;
				CODE_SIGN_STYLE = Automatic;
				COMBINE_HIDPI_IMAGES = YES;
				DEVELOPMENT_TEAM = 4W266P9829;
				INFOPLIST_FILE = RaceViewerUITests/Info.plist;
				LD_RUNPATH_SEARCH_PATHS = (
					"$(inherited)",
					"@executable_path/../Frameworks",
					"@loader_path/../Frameworks",
				);
				PRODUCT_BUNDLE_IDENTIFIER = ee.valja7.RaceViewerUITests;
				PRODUCT_NAME = "$(TARGET_NAME)";
				SWIFT_VERSION = 5.0;
				TEST_TARGET_NAME = RaceViewer;
			};
			name = Debug;
		};
		B88436632527C2790013BBB0 /* Release */ = {
			isa = XCBuildConfiguration;
			buildSettings = {
				ALWAYS_EMBED_SWIFT_STANDARD_LIBRARIES = YES;
				CODE_SIGN_STYLE = Automatic;
				COMBINE_HIDPI_IMAGES = YES;
				DEVELOPMENT_TEAM = 4W266P9829;
				INFOPLIST_FILE = RaceViewerUITests/Info.plist;
				LD_RUNPATH_SEARCH_PATHS = (
					"$(inherited)",
					"@executable_path/../Frameworks",
					"@loader_path/../Frameworks",
				);
				PRODUCT_BUNDLE_IDENTIFIER = ee.valja7.RaceViewerUITests;
				PRODUCT_NAME = "$(TARGET_NAME)";
				SWIFT_VERSION = 5.0;
				TEST_TARGET_NAME = RaceViewer;
			};
			name = Release;
		};
/* End XCBuildConfiguration section */

/* Begin XCConfigurationList section */
		B884362A2527C2780013BBB0 /* Build configuration list for PBXProject "RaceViewer" */ = {
			isa = XCConfigurationList;
			buildConfigurations = (
				B88436592527C2790013BBB0 /* Debug */,
				B884365A2527C2790013BBB0 /* Release */,
			);
			defaultConfigurationIsVisible = 0;
			defaultConfigurationName = Release;
		};
		B884365B2527C2790013BBB0 /* Build configuration list for PBXNativeTarget "RaceViewer" */ = {
			isa = XCConfigurationList;
			buildConfigurations = (
				B884365C2527C2790013BBB0 /* Debug */,
				B884365D2527C2790013BBB0 /* Release */,
			);
			defaultConfigurationIsVisible = 0;
			defaultConfigurationName = Release;
		};
		B884365E2527C2790013BBB0 /* Build configuration list for PBXNativeTarget "RaceViewerTests" */ = {
			isa = XCConfigurationList;
			buildConfigurations = (
				B884365F2527C2790013BBB0 /* Debug */,
				B88436602527C2790013BBB0 /* Release */,
			);
			defaultConfigurationIsVisible = 0;
			defaultConfigurationName = Release;
		};
		B88436612527C2790013BBB0 /* Build configuration list for PBXNativeTarget "RaceViewerUITests" */ = {
			isa = XCConfigurationList;
			buildConfigurations = (
				B88436622527C2790013BBB0 /* Debug */,
				B88436632527C2790013BBB0 /* Release */,
			);
			defaultConfigurationIsVisible = 0;
			defaultConfigurationName = Release;
		};
/* End XCConfigurationList section */

/* Begin XCVersionGroup section */
		B88436362527C2780013BBB0 /* RaceViewer.xcdatamodeld */ = {
			isa = XCVersionGroup;
			children = (
				B88436372527C2780013BBB0 /* RaceViewer.xcdatamodel */,
			);
			currentVersion = B88436372527C2780013BBB0 /* RaceViewer.xcdatamodel */;
			path = RaceViewer.xcdatamodeld;
			sourceTree = "<group>";
			versionGroupType = wrapper.xcdatamodel;
		};
/* End XCVersionGroup section */
	};
	rootObject = B88436272527C2780013BBB0 /* Project object */;
}
